
Microsoft Visual Studio Solution File, Format Version 12.00
# Visual Studio Version 17
VisualStudioVersion = 17.0.31903.59
MinimumVisualStudioVersion = 10.0.40219.1
Project("{FAE04EC0-301F-11D3-BF4B-00C04F79EFBC}") = "Biblioteca", "Biblioteca\Biblioteca.csproj", "{8032685C-32E2-49C7-8602-87574FFF5690}"
EndProject
Project("{FAE04EC0-301F-11D3-BF4B-00C04F79EFBC}") = "Consola", "Consola\Consola.csproj", "{D14A2FE8-2EEE-4CD4-84DF-562B1D4A98C2}"
EndProject
Global
	GlobalSection(SolutionConfigurationPlatforms) = preSolution
		Debug|Any CPU = Debug|Any CPU
		Release|Any CPU = Release|Any CPU
	EndGlobalSection
	GlobalSection(SolutionProperties) = preSolution
		HideSolutionNode = FALSE
	EndGlobalSection
	GlobalSection(ProjectConfigurationPlatforms) = postSolution
		{8032685C-32E2-49C7-8602-87574FFF5690}.Debug|Any CPU.ActiveCfg = Debug|Any CPU
		{8032685C-32E2-49C7-8602-87574FFF5690}.Debug|Any CPU.Build.0 = Debug|Any CPU
		{8032685C-32E2-49C7-8602-87574FFF5690}.Release|Any CPU.ActiveCfg = Release|Any CPU
		{8032685C-32E2-49C7-8602-87574FFF5690}.Release|Any CPU.Build.0 = Release|Any CPU
		{D14A2FE8-2EEE-4CD4-84DF-562B1D4A98C2}.Debug|Any CPU.ActiveCfg = Debug|Any CPU
		{D14A2FE8-2EEE-4CD4-84DF-562B1D4A98C2}.Debug|Any CPU.Build.0 = Debug|Any CPU
		{D14A2FE8-2EEE-4CD4-84DF-562B1D4A98C2}.Release|Any CPU.ActiveCfg = Release|Any CPU
		{D14A2FE8-2EEE-4CD4-84DF-562B1D4A98C2}.Release|Any CPU.Build.0 = Release|Any CPU
	EndGlobalSection
EndGlobal
